
Microsoft Visual Studio Solution File, Format Version 12.00
# Visual Studio Version 17
VisualStudioVersion = 17.4.33205.214
MinimumVisualStudioVersion = 10.0.40219.1
Project("{FAE04EC0-301F-11D3-BF4B-00C04F79EFBC}") = "BasicAssWindow", "BasicAssWindow\BasicAssWindow.csproj", "{A8588DEC-5E75-4897-A9DA-D5705580C353}"
EndProject
Global
	GlobalSection(SolutionConfigurationPlatforms) = preSolution
		Debug|Any CPU = Debug|Any CPU
		Release|Any CPU = Release|Any CPU
	EndGlobalSection
	GlobalSection(ProjectConfigurationPlatforms) = postSolution
		{A8588DEC-5E75-4897-A9DA-D5705580C353}.Debug|Any CPU.ActiveCfg = Debug|Any CPU
		{A8588DEC-5E75-4897-A9DA-D5705580C353}.Debug|Any CPU.Build.0 = Debug|Any CPU
		{A8588DEC-5E75-4897-A9DA-D5705580C353}.Release|Any CPU.ActiveCfg = Release|Any CPU
		{A8588DEC-5E75-4897-A9DA-D5705580C353}.Release|Any CPU.Build.0 = Release|Any CPU
	EndGlobalSection
	GlobalSection(SolutionProperties) = preSolution
		HideSolutionNode = FALSE
	EndGlobalSection
	GlobalSection(ExtensibilityGlobals) = postSolution
		SolutionGuid = {735F6B50-9C19-453F-9DDF-C4184A5D8F1A}
	EndGlobalSection
EndGlobal
